# This file is automatically @generated by Poetry 1.7.1 and should not be changed by hand.

[[package]]
name = "cached-property"
version = "1.5.2"
description = "A decorator for caching properties in classes."
optional = false
python-versions = "*"
files = [
    {file = "cached-property-1.5.2.tar.gz", hash = "sha256:9fa5755838eecbb2d234c3aa390bd80fbd3ac6b6869109bfc1b499f7bd89a130"},
    {file = "cached_property-1.5.2-py2.py3-none-any.whl", hash = "sha256:df4f613cf7ad9a588cc381aaf4a512d26265ecebd5eb9e1ba12f1319eb85a6a0"},
]

[[package]]
name = "cytoolz"
version = "0.12.3"
description = "Cython implementation of Toolz: High performance functional utilities"
optional = false
python-versions = ">=3.7"
files = [
    {file = "cytoolz-0.12.3-cp310-cp310-macosx_10_9_x86_64.whl", hash = "sha256:bbe58e26c84b163beba0fbeacf6b065feabc8f75c6d3fe305550d33f24a2d346"},
    {file = "cytoolz-0.12.3-cp310-cp310-macosx_11_0_arm64.whl", hash = "sha256:c51b66ada9bfdb88cf711bf350fcc46f82b83a4683cf2413e633c31a64df6201"},
    {file = "cytoolz-0.12.3-cp310-cp310-manylinux_2_17_aarch64.manylinux2014_aarch64.whl", hash = "sha256:e70d9c615e5c9dc10d279d1e32e846085fe1fd6f08d623ddd059a92861f4e3dd"},
    {file = "cytoolz-0.12.3-cp310-cp310-manylinux_2_17_ppc64le.manylinux2014_ppc64le.whl", hash = "sha256:a83f4532707963ae1a5108e51fdfe1278cc8724e3301fee48b9e73e1316de64f"},
    {file = "cytoolz-0.12.3-cp310-cp310-manylinux_2_17_s390x.manylinux2014_s390x.whl", hash = "sha256:d028044524ee2e815f36210a793c414551b689d4f4eda28f8bbb0883ad78bf5f"},
    {file = "cytoolz-0.12.3-cp310-cp310-manylinux_2_17_x86_64.manylinux2014_x86_64.whl", hash = "sha256:6c2875bcd1397d0627a09a4f9172fa513185ad302c63758efc15b8eb33cc2a98"},
    {file = "cytoolz-0.12.3-cp310-cp310-manylinux_2_5_i686.manylinux1_i686.manylinux_2_17_i686.manylinux2014_i686.whl", hash = "sha256:131ff4820e5d64a25d7ad3c3556f2d8aa65c66b3f021b03f8a8e98e4180dd808"},
    {file = "cytoolz-0.12.3-cp310-cp310-musllinux_1_1_aarch64.whl", hash = "sha256:04afa90d9d9d18394c40d9bed48c51433d08b57c042e0e50c8c0f9799735dcbd"},
    {file = "cytoolz-0.12.3-cp310-cp310-musllinux_1_1_i686.whl", hash = "sha256:dc1ca9c610425f9854323669a671fc163300b873731584e258975adf50931164"},
    {file = "cytoolz-0.12.3-cp310-cp310-musllinux_1_1_ppc64le.whl", hash = "sha256:bfa3f8e01bc423a933f2e1c510cbb0632c6787865b5242857cc955cae220d1bf"},
    {file = "cytoolz-0.12.3-cp310-cp310-musllinux_1_1_s390x.whl", hash = "sha256:f702e295dddef5f8af4a456db93f114539b8dc2a7a9bc4de7c7e41d169aa6ec3"},
    {file = "cytoolz-0.12.3-cp310-cp310-musllinux_1_1_x86_64.whl", hash = "sha256:0fbad1fb9bb47e827d00e01992a099b0ba79facf5e5aa453be066033232ac4b5"},
    {file = "cytoolz-0.12.3-cp310-cp310-win32.whl", hash = "sha256:8587c3c3dbe78af90c5025288766ac10dc2240c1e76eb0a93a4e244c265ccefd"},
    {file = "cytoolz-0.12.3-cp310-cp310-win_amd64.whl", hash = "sha256:9e45803d9e75ef90a2f859ef8f7f77614730f4a8ce1b9244375734567299d239"},
    {file = "cytoolz-0.12.3-cp311-cp311-macosx_10_9_x86_64.whl", hash = "sha256:3ac4f2fb38bbc67ff1875b7d2f0f162a247f43bd28eb7c9d15e6175a982e558d"},
    {file = "cytoolz-0.12.3-cp311-cp311-macosx_11_0_arm64.whl", hash = "sha256:0cf1e1e96dd86829a0539baf514a9c8473a58fbb415f92401a68e8e52a34ecd5"},
    {file = "cytoolz-0.12.3-cp311-cp311-manylinux_2_17_aarch64.manylinux2014_aarch64.whl", hash = "sha256:08a438701c6141dd34eaf92e9e9a1f66e23a22f7840ef8a371eba274477de85d"},
    {file = "cytoolz-0.12.3-cp311-cp311-manylinux_2_17_ppc64le.manylinux2014_ppc64le.whl", hash = "sha256:c6b6f11b0d7ed91be53166aeef2a23a799e636625675bb30818f47f41ad31821"},
    {file = "cytoolz-0.12.3-cp311-cp311-manylinux_2_17_s390x.manylinux2014_s390x.whl", hash = "sha256:a7fde09384d23048a7b4ac889063761e44b89a0b64015393e2d1d21d5c1f534a"},
    {file = "cytoolz-0.12.3-cp311-cp311-manylinux_2_17_x86_64.manylinux2014_x86_64.whl", hash = "sha256:6d3bfe45173cc8e6c76206be3a916d8bfd2214fb2965563e288088012f1dabfc"},
    {file = "cytoolz-0.12.3-cp311-cp311-manylinux_2_5_i686.manylinux1_i686.manylinux_2_17_i686.manylinux2014_i686.whl", hash = "sha256:27513a5d5b6624372d63313574381d3217a66e7a2626b056c695179623a5cb1a"},
    {file = "cytoolz-0.12.3-cp311-cp311-musllinux_1_1_aarch64.whl", hash = "sha256:d294e5e81ff094fe920fd545052ff30838ea49f9e91227a55ecd9f3ca19774a0"},
    {file = "cytoolz-0.12.3-cp311-cp311-musllinux_1_1_i686.whl", hash = "sha256:727b01a2004ddb513496507a695e19b5c0cfebcdfcc68349d3efd92a1c297bf4"},
    {file = "cytoolz-0.12.3-cp311-cp311-musllinux_1_1_ppc64le.whl", hash = "sha256:fe1e1779a39dbe83f13886d2b4b02f8c4b10755e3c8d9a89b630395f49f4f406"},
    {file = "cytoolz-0.12.3-cp311-cp311-musllinux_1_1_s390x.whl", hash = "sha256:de74ef266e2679c3bf8b5fc20cee4fc0271ba13ae0d9097b1491c7a9bcadb389"},
    {file = "cytoolz-0.12.3-cp311-cp311-musllinux_1_1_x86_64.whl", hash = "sha256:9e04d22049233394e0b08193aca9737200b4a2afa28659d957327aa780ddddf2"},
    {file = "cytoolz-0.12.3-cp311-cp311-win32.whl", hash = "sha256:20d36430d8ac809186736fda735ee7d595b6242bdb35f69b598ef809ebfa5605"},
    {file = "cytoolz-0.12.3-cp311-cp311-win_amd64.whl", hash = "sha256:780c06110f383344d537f48d9010d79fa4f75070d214fc47f389357dd4f010b6"},
    {file = "cytoolz-0.12.3-cp312-cp312-macosx_10_9_x86_64.whl", hash = "sha256:86923d823bd19ce35805953b018d436f6b862edd6a7c8b747a13d52b39ed5716"},
    {file = "cytoolz-0.12.3-cp312-cp312-macosx_11_0_arm64.whl", hash = "sha256:a3e61acfd029bfb81c2c596249b508dfd2b4f72e31b7b53b62e5fb0507dd7293"},
    {file = "cytoolz-0.12.3-cp312-cp312-manylinux_2_17_aarch64.manylinux2014_aarch64.whl", hash = "sha256:dd728f4e6051af6af234651df49319da1d813f47894d4c3c8ab7455e01703a37"},
    {file = "cytoolz-0.12.3-cp312-cp312-manylinux_2_17_ppc64le.manylinux2014_ppc64le.whl", hash = "sha256:fe8c6267caa7ec67bcc37e360f0d8a26bc3bdce510b15b97f2f2e0143bdd3673"},
    {file = "cytoolz-0.12.3-cp312-cp312-manylinux_2_17_s390x.manylinux2014_s390x.whl", hash = "sha256:99462abd8323c52204a2a0ce62454ce8fa0f4e94b9af397945c12830de73f27e"},
    {file = "cytoolz-0.12.3-cp312-cp312-manylinux_2_17_x86_64.manylinux2014_x86_64.whl", hash = "sha256:da125221b1fa25c690fcd030a54344cecec80074df018d906fc6a99f46c1e3a6"},
    {file = "cytoolz-0.12.3-cp312-cp312-manylinux_2_5_i686.manylinux1_i686.manylinux_2_17_i686.manylinux2014_i686.whl", hash = "sha256:1c18e351956f70db9e2d04ff02f28e9a41839250d3f936a4c8a1eabd1c3094d2"},
    {file = "cytoolz-0.12.3-cp312-cp312-musllinux_1_1_aarch64.whl", hash = "sha256:921e6d2440ac758c4945c587b1d1d9b781b72737ac0c0ca5d5e02ca1db8bded2"},
    {file = "cytoolz-0.12.3-cp312-cp312-musllinux_1_1_i686.whl", hash = "sha256:1651a9bd591a8326329ce1d6336f3129161a36d7061a4d5ea9e5377e033364cf"},
    {file = "cytoolz-0.12.3-cp312-cp312-musllinux_1_1_ppc64le.whl", hash = "sha256:8893223b87c2782bd59f9c4bd5c7bf733edd8728b523c93efb91d7468b486528"},
    {file = "cytoolz-0.12.3-cp312-cp312-musllinux_1_1_s390x.whl", hash = "sha256:e4d2961644153c5ae186db964aa9f6109da81b12df0f1d3494b4e5cf2c332ee2"},
    {file = "cytoolz-0.12.3-cp312-cp312-musllinux_1_1_x86_64.whl", hash = "sha256:71b6eb97f6695f7ba8ce69c49b707a351c5f46fd97f5aeb5f6f2fb0d6e72b887"},
    {file = "cytoolz-0.12.3-cp312-cp312-win32.whl", hash = "sha256:cee3de65584e915053412cd178729ff510ad5f8f585c21c5890e91028283518f"},
    {file = "cytoolz-0.12.3-cp312-cp312-win_amd64.whl", hash = "sha256:9eef0d23035fa4dcfa21e570961e86c375153a7ee605cdd11a8b088c24f707f6"},
    {file = "cytoolz-0.12.3-cp37-cp37m-macosx_10_9_x86_64.whl", hash = "sha256:d9a38332cfad2a91e89405b7c18b3f00e2edc951c225accbc217597d3e4e9fde"},
    {file = "cytoolz-0.12.3-cp37-cp37m-manylinux_2_17_aarch64.manylinux2014_aarch64.whl", hash = "sha256:1f501ae1353071fa5d6677437bbeb1aeb5622067dce0977cedc2c5ec5843b202"},
    {file = "cytoolz-0.12.3-cp37-cp37m-manylinux_2_17_ppc64le.manylinux2014_ppc64le.whl", hash = "sha256:56f899758146a52e2f8cfb3fb6f4ca19c1e5814178c3d584de35f9e4d7166d91"},
    {file = "cytoolz-0.12.3-cp37-cp37m-manylinux_2_17_s390x.manylinux2014_s390x.whl", hash = "sha256:800f0526adf9e53d3c6acda748f4def1f048adaa780752f154da5cf22aa488a2"},
    {file = "cytoolz-0.12.3-cp37-cp37m-manylinux_2_17_x86_64.manylinux2014_x86_64.whl", hash = "sha256:d0976a3fcb81d065473173e9005848218ce03ddb2ec7d40dd6a8d2dba7f1c3ae"},
    {file = "cytoolz-0.12.3-cp37-cp37m-manylinux_2_5_i686.manylinux1_i686.manylinux_2_17_i686.manylinux2014_i686.whl", hash = "sha256:c835eab01466cb67d0ce6290601ebef2d82d8d0d0a285ed0d6e46989e4a7a71a"},
    {file = "cytoolz-0.12.3-cp37-cp37m-musllinux_1_1_aarch64.whl", hash = "sha256:4fba0616fcd487e34b8beec1ad9911d192c62e758baa12fcb44448b9b6feae22"},
    {file = "cytoolz-0.12.3-cp37-cp37m-musllinux_1_1_i686.whl", hash = "sha256:6f6e8207d732651e0204779e1ba5a4925c93081834570411f959b80681f8d333"},
    {file = "cytoolz-0.12.3-cp37-cp37m-musllinux_1_1_ppc64le.whl", hash = "sha256:8119bf5961091cfe644784d0bae214e273b3b3a479f93ee3baab97bbd995ccfe"},
    {file = "cytoolz-0.12.3-cp37-cp37m-musllinux_1_1_s390x.whl", hash = "sha256:7ad1331cb68afeec58469c31d944a2100cee14eac221553f0d5218ace1a0b25d"},
    {file = "cytoolz-0.12.3-cp37-cp37m-musllinux_1_1_x86_64.whl", hash = "sha256:92c53d508fb8a4463acc85b322fa24734efdc66933a5c8661bdc862103a3373d"},
    {file = "cytoolz-0.12.3-cp37-cp37m-win32.whl", hash = "sha256:2c6dd75dae3d84fa8988861ab8b1189d2488cb8a9b8653828f9cd6126b5e7abd"},
    {file = "cytoolz-0.12.3-cp37-cp37m-win_amd64.whl", hash = "sha256:caf07a97b5220e6334dd32c8b6d8b2bd255ca694eca5dfe914bb5b880ee66cdb"},
    {file = "cytoolz-0.12.3-cp38-cp38-macosx_10_9_x86_64.whl", hash = "sha256:ed0cfb9326747759e2ad81cb6e45f20086a273b67ac3a4c00b19efcbab007c60"},
    {file = "cytoolz-0.12.3-cp38-cp38-macosx_11_0_arm64.whl", hash = "sha256:96a5a0292575c3697121f97cc605baf2fd125120c7dcdf39edd1a135798482ca"},
    {file = "cytoolz-0.12.3-cp38-cp38-manylinux_2_17_aarch64.manylinux2014_aarch64.whl", hash = "sha256:b76f2f50a789c44d6fd7f773ec43d2a8686781cd52236da03f7f7d7998989bee"},
    {file = "cytoolz-0.12.3-cp38-cp38-manylinux_2_17_ppc64le.manylinux2014_ppc64le.whl", hash = "sha256:2905fdccacc64b4beba37f95cab9d792289c80f4d70830b70de2fc66c007ec01"},
    {file = "cytoolz-0.12.3-cp38-cp38-manylinux_2_17_s390x.manylinux2014_s390x.whl", hash = "sha256:f1ebe23028eac51251f22ba01dba6587d30aa9c320372ca0c14eeab67118ec3f"},
    {file = "cytoolz-0.12.3-cp38-cp38-manylinux_2_17_x86_64.manylinux2014_x86_64.whl", hash = "sha256:96c715404a3825e37fe3966fe84c5f8a1f036e7640b2a02dbed96cac0c933451"},
    {file = "cytoolz-0.12.3-cp38-cp38-manylinux_2_5_i686.manylinux1_i686.manylinux_2_17_i686.manylinux2014_i686.whl", hash = "sha256:9bac0adffc1b6b6a4c5f1fd1dd2161afb720bcc771a91016dc6bdba59af0a5d3"},
    {file = "cytoolz-0.12.3-cp38-cp38-musllinux_1_1_aarch64.whl", hash = "sha256:37441bf4a2a4e2e0fe9c3b0ea5e72db352f5cca03903977ffc42f6f6c5467be9"},
    {file = "cytoolz-0.12.3-cp38-cp38-musllinux_1_1_i686.whl", hash = "sha256:f04037302049cb30033f7fa4e1d0e44afe35ed6bfcf9b380fc11f2a27d3ed697"},
    {file = "cytoolz-0.12.3-cp38-cp38-musllinux_1_1_ppc64le.whl", hash = "sha256:f37b60e66378e7a116931d7220f5352186abfcc950d64856038aa2c01944929c"},
    {file = "cytoolz-0.12.3-cp38-cp38-musllinux_1_1_s390x.whl", hash = "sha256:ec9be3e4b6f86ea8b294d34c990c99d2ba6c526ef1e8f46f1d52c263d4f32cd7"},
    {file = "cytoolz-0.12.3-cp38-cp38-musllinux_1_1_x86_64.whl", hash = "sha256:0e9199c9e3fbf380a92b8042c677eb9e7ed4bccb126de5e9c0d26f5888d96788"},
    {file = "cytoolz-0.12.3-cp38-cp38-win32.whl", hash = "sha256:18cd61e078bd6bffe088e40f1ed02001387c29174750abce79499d26fa57f5eb"},
    {file = "cytoolz-0.12.3-cp38-cp38-win_amd64.whl", hash = "sha256:765b8381d4003ceb1a07896a854eee2c31ebc950a4ae17d1e7a17c2a8feb2a68"},
    {file = "cytoolz-0.12.3-cp39-cp39-macosx_10_9_x86_64.whl", hash = "sha256:b4a52dd2a36b0a91f7aa50ca6c8509057acc481a24255f6cb07b15d339a34e0f"},
    {file = "cytoolz-0.12.3-cp39-cp39-macosx_11_0_arm64.whl", hash = "sha256:581f1ce479769fe7eeb9ae6d87eadb230df8c7c5fff32138162cdd99d7fb8fc3"},
    {file = "cytoolz-0.12.3-cp39-cp39-manylinux_2_17_aarch64.manylinux2014_aarch64.whl", hash = "sha256:46f505d4c6eb79585c8ad0b9dc140ef30a138c880e4e3b40230d642690e36366"},
    {file = "cytoolz-0.12.3-cp39-cp39-manylinux_2_17_ppc64le.manylinux2014_ppc64le.whl", hash = "sha256:59276021619b432a5c21c01cda8320b9cc7dbc40351ffc478b440bfccd5bbdd3"},
    {file = "cytoolz-0.12.3-cp39-cp39-manylinux_2_17_s390x.manylinux2014_s390x.whl", hash = "sha256:e44f4c25e1e7cf6149b499c74945a14649c8866d36371a2c2d2164e4649e7755"},
    {file = "cytoolz-0.12.3-cp39-cp39-manylinux_2_17_x86_64.manylinux2014_x86_64.whl", hash = "sha256:c64f8e60c1dd69e4d5e615481f2d57937746f4a6be2d0f86e9e7e3b9e2243b5e"},
    {file = "cytoolz-0.12.3-cp39-cp39-manylinux_2_5_i686.manylinux1_i686.manylinux_2_17_i686.manylinux2014_i686.whl", hash = "sha256:33c63186f3bf9d7ef1347bc0537bb9a0b4111a0d7d6e619623cabc18fef0dc3b"},
    {file = "cytoolz-0.12.3-cp39-cp39-musllinux_1_1_aarch64.whl", hash = "sha256:fdddb9d988405f24035234f1e8d1653ab2e48cc2404226d21b49a129aefd1d25"},
    {file = "cytoolz-0.12.3-cp39-cp39-musllinux_1_1_i686.whl", hash = "sha256:6986632d8a969ea1e720990c818dace1a24c11015fd7c59b9fea0b65ef71f726"},
    {file = "cytoolz-0.12.3-cp39-cp39-musllinux_1_1_ppc64le.whl", hash = "sha256:0ba1cbc4d9cd7571c917f88f4a069568e5121646eb5d82b2393b2cf84712cf2a"},
    {file = "cytoolz-0.12.3-cp39-cp39-musllinux_1_1_s390x.whl", hash = "sha256:7d267ffc9a36c0a9a58c7e0adc9fa82620f22e4a72533e15dd1361f57fc9accf"},
    {file = "cytoolz-0.12.3-cp39-cp39-musllinux_1_1_x86_64.whl", hash = "sha256:95e878868a172a41fbf6c505a4b967309e6870e22adc7b1c3b19653d062711fa"},
    {file = "cytoolz-0.12.3-cp39-cp39-win32.whl", hash = "sha256:8e21932d6d260996f7109f2a40b2586070cb0a0cf1d65781e156326d5ebcc329"},
    {file = "cytoolz-0.12.3-cp39-cp39-win_amd64.whl", hash = "sha256:0d8edfbc694af6c9bda4db56643fb8ed3d14e47bec358c2f1417de9a12d6d1fb"},
    {file = "cytoolz-0.12.3-pp310-pypy310_pp73-macosx_10_9_x86_64.whl", hash = "sha256:55f9bd1ae6c2a27eda5abe2a0b65a83029d2385c5a1da7b8ef47af5905d7e905"},
    {file = "cytoolz-0.12.3-pp310-pypy310_pp73-manylinux_2_17_aarch64.manylinux2014_aarch64.whl", hash = "sha256:d2d271393c378282727f1231d40391ae93b93ddc0997448acc21dd0cb6a1e56d"},
    {file = "cytoolz-0.12.3-pp310-pypy310_pp73-manylinux_2_5_i686.manylinux1_i686.manylinux_2_17_i686.manylinux2014_i686.whl", hash = "sha256:ee98968d6a66ee83a8ceabf31182189ab5d8598998c8ce69b6d5843daeb2db60"},
    {file = "cytoolz-0.12.3-pp310-pypy310_pp73-manylinux_2_5_x86_64.manylinux1_x86_64.manylinux_2_17_x86_64.manylinux2014_x86_64.whl", hash = "sha256:01cfb8518828c1189200c02a5010ea404407fb18fd5589e29c126e84bbeadd36"},
    {file = "cytoolz-0.12.3-pp310-pypy310_pp73-win_amd64.whl", hash = "sha256:456395d7aec01db32bf9e6db191d667347c78d8d48e77234521fa1078f60dabb"},
    {file = "cytoolz-0.12.3-pp37-pypy37_pp73-macosx_10_9_x86_64.whl", hash = "sha256:cd88028bb897fba99ddd84f253ca6bef73ecb7bdf3f3cf25bc493f8f97d3c7c5"},
    {file = "cytoolz-0.12.3-pp37-pypy37_pp73-manylinux_2_17_aarch64.manylinux2014_aarch64.whl", hash = "sha256:59b19223e7f7bd7a73ec3aa6fdfb73b579ff09c2bc0b7d26857eec2d01a58c76"},
    {file = "cytoolz-0.12.3-pp37-pypy37_pp73-manylinux_2_5_i686.manylinux1_i686.manylinux_2_17_i686.manylinux2014_i686.whl", hash = "sha256:0a79d72b08048a0980a59457c239555f111ac0c8bdc140c91a025f124104dbb4"},
    {file = "cytoolz-0.12.3-pp37-pypy37_pp73-manylinux_2_5_x86_64.manylinux1_x86_64.manylinux_2_17_x86_64.manylinux2014_x86_64.whl", hash = "sha256:1dd70141b32b717696a72b8876e86bc9c6f8eff995c1808e299db3541213ff82"},
    {file = "cytoolz-0.12.3-pp37-pypy37_pp73-win_amd64.whl", hash = "sha256:a1445c91009eb775d479e88954c51d0b4cf9a1e8ce3c503c2672d17252882647"},
    {file = "cytoolz-0.12.3-pp38-pypy38_pp73-macosx_10_9_x86_64.whl", hash = "sha256:ca6a9a9300d5bda417d9090107c6d2b007683efc59d63cc09aca0e7930a08a85"},
    {file = "cytoolz-0.12.3-pp38-pypy38_pp73-manylinux_2_17_aarch64.manylinux2014_aarch64.whl", hash = "sha256:be6feb903d2a08a4ba2e70e950e862fd3be9be9a588b7c38cee4728150a52918"},
    {file = "cytoolz-0.12.3-pp38-pypy38_pp73-manylinux_2_5_i686.manylinux1_i686.manylinux_2_17_i686.manylinux2014_i686.whl", hash = "sha256:92b6f43f086e5a965d33d62a145ae121b4ccb6e0789ac0acc895ce084fec8c65"},
    {file = "cytoolz-0.12.3-pp38-pypy38_pp73-manylinux_2_5_x86_64.manylinux1_x86_64.manylinux_2_17_x86_64.manylinux2014_x86_64.whl", hash = "sha256:534fa66db8564d9b13872d81d54b6b09ae592c585eb826aac235bd6f1830f8ad"},
    {file = "cytoolz-0.12.3-pp38-pypy38_pp73-win_amd64.whl", hash = "sha256:fea649f979def23150680de1bd1d09682da3b54932800a0f90f29fc2a6c98ba8"},
    {file = "cytoolz-0.12.3-pp39-pypy39_pp73-macosx_10_9_x86_64.whl", hash = "sha256:a447247ed312dd64e3a8d9483841ecc5338ee26d6e6fbd29cd373ed030db0240"},
    {file = "cytoolz-0.12.3-pp39-pypy39_pp73-manylinux_2_17_aarch64.manylinux2014_aarch64.whl", hash = "sha256:ba3f843aa89f35467b38c398ae5b980a824fdbdb94065adc6ec7c47a0a22f4c7"},
    {file = "cytoolz-0.12.3-pp39-pypy39_pp73-manylinux_2_5_i686.manylinux1_i686.manylinux_2_17_i686.manylinux2014_i686.whl", hash = "sha256:582c22f97a380211fb36a7b65b1beeb84ea11d82015fa84b054be78580390082"},
    {file = "cytoolz-0.12.3-pp39-pypy39_pp73-manylinux_2_5_x86_64.manylinux1_x86_64.manylinux_2_17_x86_64.manylinux2014_x86_64.whl", hash = "sha256:47feb089506fc66e1593cd9ade3945693a9d089a445fbe9a11385cab200b9f22"},
    {file = "cytoolz-0.12.3-pp39-pypy39_pp73-win_amd64.whl", hash = "sha256:ba9002d2f043943744a9dc8e50a47362bcb6e6f360dc0a1abcb19642584d87bb"},
    {file = "cytoolz-0.12.3.tar.gz", hash = "sha256:4503dc59f4ced53a54643272c61dc305d1dbbfbd7d6bdf296948de9f34c3a282"},
]

[package.dependencies]
toolz = ">=0.8.0"

[package.extras]
cython = ["cython"]

[[package]]
name = "eth-hash"
version = "0.6.0"
description = "eth-hash: The Ethereum hashing function, keccak256, sometimes (erroneously) called sha3"
optional = false
python-versions = ">=3.8, <4"
files = [
    {file = "eth-hash-0.6.0.tar.gz", hash = "sha256:ae72889e60db6acbb3872c288cfa02ed157f4c27630fcd7f9c8442302c31e478"},
    {file = "eth_hash-0.6.0-py3-none-any.whl", hash = "sha256:9f8daaa345764f8871dc461855049ac54ae4291d780279bce6fce7f24e3f17d3"},
]

[package.extras]
dev = ["build (>=0.9.0)", "bumpversion (>=0.5.3)", "ipython", "pre-commit (>=3.4.0)", "pytest (>=7.0.0)", "pytest-xdist (>=2.4.0)", "sphinx (>=6.0.0)", "sphinx-rtd-theme (>=1.0.0)", "towncrier (>=21,<22)", "tox (>=4.0.0)", "twine", "wheel"]
docs = ["sphinx (>=6.0.0)", "sphinx-rtd-theme (>=1.0.0)", "towncrier (>=21,<22)"]
pycryptodome = ["pycryptodome (>=3.6.6,<4)"]
pysha3 = ["pysha3 (>=1.0.0,<2.0.0)", "safe-pysha3 (>=1.0.0)"]
test = ["pytest (>=7.0.0)", "pytest-xdist (>=2.4.0)"]

[[package]]
name = "eth-typing"
version = "4.0.0"
description = "eth-typing: Common type annotations for ethereum python packages"
optional = false
python-versions = ">=3.8, <4"
files = [
    {file = "eth-typing-4.0.0.tar.gz", hash = "sha256:9af0b6beafbc5c2e18daf19da5f5a68315023172c4e79d149e12ad10a3d3f731"},
    {file = "eth_typing-4.0.0-py3-none-any.whl", hash = "sha256:7e556bea322b6e8c0a231547b736c258e10ce9eed5ddc254f51031b12af66a16"},
]

[package.extras]
dev = ["build (>=0.9.0)", "bumpversion (>=0.5.3)", "ipython", "pre-commit (>=3.4.0)", "pytest (>=7.0.0)", "pytest-xdist (>=2.4.0)", "sphinx (>=6.0.0)", "sphinx-rtd-theme (>=1.0.0)", "towncrier (>=21,<22)", "tox (>=4.0.0)", "twine", "wheel"]
docs = ["sphinx (>=6.0.0)", "sphinx-rtd-theme (>=1.0.0)", "towncrier (>=21,<22)"]
test = ["pytest (>=7.0.0)", "pytest-xdist (>=2.4.0)"]

[[package]]
name = "eth-utils"
version = "3.0.0"
description = "eth-utils: Common utility functions for python code that interacts with Ethereum"
optional = false
python-versions = ">=3.8, <4"
files = [
    {file = "eth-utils-3.0.0.tar.gz", hash = "sha256:8721869568448349bceae63c277b75758d11e0dc190e7ef31e161b89619458f1"},
    {file = "eth_utils-3.0.0-py3-none-any.whl", hash = "sha256:9a284106acf6f6ce91ddf792489cf8bd4c681fd5ae7653d2f3d5d100be5c3905"},
]

[package.dependencies]
cytoolz = {version = ">=0.10.1", markers = "implementation_name == \"cpython\""}
eth-hash = ">=0.3.1"
eth-typing = ">=3.0.0"
toolz = {version = ">0.8.2", markers = "implementation_name == \"pypy\""}

[package.extras]
dev = ["build (>=0.9.0)", "bumpversion (>=0.5.3)", "eth-hash[pycryptodome]", "hypothesis (>=4.43.0)", "ipython", "mypy (==1.5.1)", "pre-commit (>=3.4.0)", "pytest (>=7.0.0)", "pytest-xdist (>=2.4.0)", "sphinx (>=6.0.0)", "sphinx-rtd-theme (>=1.0.0)", "towncrier (>=21,<22)", "tox (>=4.0.0)", "twine", "wheel"]
docs = ["sphinx (>=6.0.0)", "sphinx-rtd-theme (>=1.0.0)", "towncrier (>=21,<22)"]
test = ["hypothesis (>=4.43.0)", "mypy (==1.5.1)", "pytest (>=7.0.0)", "pytest-xdist (>=2.4.0)"]

[[package]]
name = "maturin"
version = "1.4.0"
description = "Build and publish crates with pyo3, rust-cpython and cffi bindings as well as rust binaries as python packages"
optional = false
python-versions = ">=3.7"
files = [
    {file = "maturin-1.4.0-py3-none-linux_armv6l.whl", hash = "sha256:b84bee85620e1b7b662a7af71289f7f6c23df8269e42c0f76882676dfc9c733f"},
    {file = "maturin-1.4.0-py3-none-macosx_10_12_x86_64.macosx_11_0_arm64.macosx_10_12_universal2.whl", hash = "sha256:076970a73da7fa3648204a584cd347b899c1ea67f8124b212bccd06728e63ed9"},
    {file = "maturin-1.4.0-py3-none-macosx_10_12_x86_64.whl", hash = "sha256:f8eded83abdb30b2b6ae6d32c80b8192bdd8bcfec0ebfacee6ac02434aa499d6"},
    {file = "maturin-1.4.0-py3-none-manylinux_2_12_i686.manylinux2010_i686.musllinux_1_1_i686.whl", hash = "sha256:ff95a4494d9e57b6e74d4d7f8a9a2ee8ed29bd7f0e61855656ad959a432c0efc"},
    {file = "maturin-1.4.0-py3-none-manylinux_2_12_x86_64.manylinux2010_x86_64.musllinux_1_1_x86_64.whl", hash = "sha256:16239a7648ef17976585353e381840c18e650d352576ed9545abca407d65e534"},
    {file = "maturin-1.4.0-py3-none-manylinux_2_17_aarch64.manylinux2014_aarch64.musllinux_1_1_aarch64.whl", hash = "sha256:77428c043d585f038f4b056c4d617e00a8027b49598ab6d065b8f6b9b9b8d144"},
    {file = "maturin-1.4.0-py3-none-manylinux_2_17_armv7l.manylinux2014_armv7l.musllinux_1_1_armv7l.whl", hash = "sha256:b4b2f006db1e92687c814576029157dcc2d97b5750fd35fd4f3aabb97e36444f"},
    {file = "maturin-1.4.0-py3-none-manylinux_2_17_ppc64le.manylinux2014_ppc64le.musllinux_1_1_ppc64le.whl", hash = "sha256:ffe4e967080ceb83c156e73a37d3974b30cad01c376a86dc39a76a0c6bccf9b0"},
    {file = "maturin-1.4.0-py3-none-manylinux_2_17_s390x.manylinux2014_s390x.whl", hash = "sha256:01473dc30aed8f2cee3572b3e99e3ea75bf09c84b028bf6077f7643a189699c8"},
    {file = "maturin-1.4.0-py3-none-win32.whl", hash = "sha256:e669ba5984c15e29b8545b295ba6738974180b44f47f5d9e75569a5ce6b8add5"},
    {file = "maturin-1.4.0-py3-none-win_amd64.whl", hash = "sha256:e2c1b157397ef3721b9c2f3f24d9a5a60bd84322aac13b4dd0704a80448741b0"},
    {file = "maturin-1.4.0-py3-none-win_arm64.whl", hash = "sha256:2979175a7eee837dc3a6931980b37ddc86b9ced54d600856668fc074ca2530ef"},
    {file = "maturin-1.4.0.tar.gz", hash = "sha256:ed12e1768094a7adeafc3a74ebdb8dc2201fa64c4e7e31f14cfc70378bf93790"},
]

[package.extras]
patchelf = ["patchelf"]
zig = ["ziglang (>=0.10.0,<0.11.0)"]

[[package]]
name = "py-ecc"
version = "7.0.0"
description = "py-ecc: Elliptic curve crypto in python including secp256k1, alt_bn128, and bls12_381"
optional = false
python-versions = ">=3.8, <4"
files = [
    {file = "py-ecc-7.0.0.tar.gz", hash = "sha256:c141e7330559758d2233adaf0af1f05ec4cade67e7fa35fc118750ce79d83257"},
    {file = "py_ecc-7.0.0-py3-none-any.whl", hash = "sha256:a655fa499ab2e695c9d4e49be19e40ad195dd61076642edcbcbb5b7c645820cf"},
]

[package.dependencies]
cached-property = ">=1.5.1"
eth-typing = ">=3.0.0"
eth-utils = ">=2.0.0"

[package.extras]
dev = ["build (>=0.9.0)", "bumpversion (>=0.5.3)", "ipython", "pre-commit (>=3.4.0)", "pytest (>=7.0.0)", "pytest-xdist (>=2.4.0)", "sphinx (>=6.0.0)", "sphinx-rtd-theme (>=1.0.0)", "towncrier (>=21,<22)", "tox (>=4.0.0)", "twine", "wheel"]
docs = ["sphinx (>=6.0.0)", "sphinx-rtd-theme (>=1.0.0)", "towncrier (>=21,<22)"]
test = ["pytest (>=7.0.0)", "pytest-xdist (>=2.4.0)"]

[[package]]
name = "toolz"
version = "0.12.1"
description = "List processing tools and functional utilities"
optional = false
python-versions = ">=3.7"
files = [
    {file = "toolz-0.12.1-py3-none-any.whl", hash = "sha256:d22731364c07d72eea0a0ad45bafb2c2937ab6fd38a3507bf55eae8744aa7d85"},
    {file = "toolz-0.12.1.tar.gz", hash = "sha256:ecca342664893f177a13dac0e6b41cbd8ac25a358e5f215316d43e2100224f4d"},
]

[metadata]
lock-version = "2.0"
python-versions = "^3.11"
content-hash = "01bb8a2ef5df9bd3cd9c17791627281bc5cc662106909834ea7f366b6122ea39"
